
Microsoft Visual Studio Solution File, Format Version 12.00
# Visual Studio Version 18
VisualStudioVersion = 18.1.11312.151 d18.0
MinimumVisualStudioVersion = 10.0.40219.1
Project("{FAE04EC0-301F-11D3-BF4B-00C04F79EFBC}") = "DNFSyncBox", "DNFSyncBox.csproj", "{4A332585-C4E9-E4A6-E005-0221D1A3953C}"
EndProject
Project("{FAE04EC0-301F-11D3-BF4B-00C04F79EFBC}") = "DNFSyncBox.Agent", "..\\DNFSyncBox.Agent\\DNFSyncBox.Agent.csproj", "{75629037-9FE8-43E4-B963-53696E727A1D}"
EndProject
Project("{FAE04EC0-301F-11D3-BF4B-00C04F79EFBC}") = "DNFSyncBox.Injector", "..\\DNFSyncBox.Injector\\DNFSyncBox.Injector.csproj", "{94647E57-3CBE-4C6F-AAF4-880FBC45FB9C}"
EndProject
Global
	GlobalSection(SolutionConfigurationPlatforms) = preSolution
		Debug|Any CPU = Debug|Any CPU
		Release|Any CPU = Release|Any CPU
	EndGlobalSection
	GlobalSection(ProjectConfigurationPlatforms) = postSolution
		{4A332585-C4E9-E4A6-E005-0221D1A3953C}.Debug|Any CPU.ActiveCfg = Debug|Any CPU
		{4A332585-C4E9-E4A6-E005-0221D1A3953C}.Debug|Any CPU.Build.0 = Debug|Any CPU
		{4A332585-C4E9-E4A6-E005-0221D1A3953C}.Release|Any CPU.ActiveCfg = Release|Any CPU
		{4A332585-C4E9-E4A6-E005-0221D1A3953C}.Release|Any CPU.Build.0 = Release|Any CPU
		{75629037-9FE8-43E4-B963-53696E727A1D}.Debug|Any CPU.ActiveCfg = Debug|Any CPU
		{75629037-9FE8-43E4-B963-53696E727A1D}.Debug|Any CPU.Build.0 = Debug|Any CPU
		{75629037-9FE8-43E4-B963-53696E727A1D}.Release|Any CPU.ActiveCfg = Release|Any CPU
		{75629037-9FE8-43E4-B963-53696E727A1D}.Release|Any CPU.Build.0 = Release|Any CPU
		{94647E57-3CBE-4C6F-AAF4-880FBC45FB9C}.Debug|Any CPU.ActiveCfg = Debug|Any CPU
		{94647E57-3CBE-4C6F-AAF4-880FBC45FB9C}.Debug|Any CPU.Build.0 = Debug|Any CPU
		{94647E57-3CBE-4C6F-AAF4-880FBC45FB9C}.Release|Any CPU.ActiveCfg = Release|Any CPU
		{94647E57-3CBE-4C6F-AAF4-880FBC45FB9C}.Release|Any CPU.Build.0 = Release|Any CPU
	EndGlobalSection
	GlobalSection(SolutionProperties) = preSolution
		HideSolutionNode = FALSE
	EndGlobalSection
	GlobalSection(ExtensibilityGlobals) = postSolution
		SolutionGuid = {CE635614-553F-4F66-AFE6-98BDA25DE435}
	EndGlobalSection
EndGlobal
