# This file is automatically @generated by Cargo.
# It is not intended for manual editing.
version = 4

[[package]]
name = "game_control_core"
version = "0.1.0"
dependencies = [
 "game_core_protocols",
]

[[package]]
name = "game_core_common"
version = "0.1.0"

[[package]]
name = "game_core_protocols"
version = "0.1.0"

[[package]]
name = "game_injector_core"
version = "0.1.0"
dependencies = [
 "game_core_common",
 "game_core_protocols",
]

[[package]]
name = "game_payload_core"
version = "0.1.0"
dependencies = [
 "game_core_protocols",
]
